
Microsoft Visual Studio Solution File, Format Version 12.00
# Visual Studio Version 16
VisualStudioVersion = 16.0.31005.135
MinimumVisualStudioVersion = 10.0.40219.1
Project("{FAE04EC0-301F-11D3-BF4B-00C04F79EFBC}") = "HajosTeszt", "HajosTeszt\HajosTeszt.csproj", "{4D3A654D-2076-495D-BD5A-3643639B1B42}"
EndProject
Global
	GlobalSection(SolutionConfigurationPlatforms) = preSolution
		Debug|Any CPU = Debug|Any CPU
		Release|Any CPU = Release|Any CPU
	EndGlobalSection
	GlobalSection(ProjectConfigurationPlatforms) = postSolution
		{4D3A654D-2076-495D-BD5A-3643639B1B42}.Debug|Any CPU.ActiveCfg = Debug|Any CPU
		{4D3A654D-2076-495D-BD5A-3643639B1B42}.Debug|Any CPU.Build.0 = Debug|Any CPU
		{4D3A654D-2076-495D-BD5A-3643639B1B42}.Release|Any CPU.ActiveCfg = Release|Any CPU
		{4D3A654D-2076-495D-BD5A-3643639B1B42}.Release|Any CPU.Build.0 = Release|Any CPU
	EndGlobalSection
	GlobalSection(SolutionProperties) = preSolution
		HideSolutionNode = FALSE
	EndGlobalSection
	GlobalSection(ExtensibilityGlobals) = postSolution
		SolutionGuid = {2C0F7A50-DA49-4997-98DB-67E2307FAC07}
	EndGlobalSection
EndGlobal
